{
  "name": "pelagora-cli-installer",
  "version": "0.1.4",
  "lockfileVersion": 3,
  "requires": true,
  "packages": {
    "": {
      "name": "pelagora-cli-installer",
      "version": "0.1.4",
      "license": "AGPL-3.0-only",
      "bin": {
        "pelagora-cli-installer": "src/index.js"
      },
      "engines": {
        "node": ">=20.0.0"
      }
    }
  }
}
